
Microsoft Visual Studio Solution File, Format Version 12.00
# Visual Studio Version 16
VisualStudioVersion = 16.0.32929.386
MinimumVisualStudioVersion = 10.0.40219.1
Project("{FAE04EC0-301F-11D3-BF4B-00C04F79EFBC}") = "NovEShop.Web", "NovEShop\NovEShop.Web.csproj", "{EA8CBE0C-D9AD-49F6-8A5B-438748B9AC4B}"
EndProject
Project("{FAE04EC0-301F-11D3-BF4B-00C04F79EFBC}") = "NovEShop.Data", "NovEShop.Data\NovEShop.Data.csproj", "{1F4E1F5D-0D75-4243-858A-55F14823F0B8}"
EndProject
Project("{FAE04EC0-301F-11D3-BF4B-00C04F79EFBC}") = "NovEShop.Share", "NovEShop.Share\NovEShop.Share.csproj", "{C943BDFD-5AE7-4829-B248-A04B9F9A24D7}"
EndProject
Global
	GlobalSection(SolutionConfigurationPlatforms) = preSolution
		Debug|Any CPU = Debug|Any CPU
		Release|Any CPU = Release|Any CPU
	EndGlobalSection
	GlobalSection(ProjectConfigurationPlatforms) = postSolution
		{EA8CBE0C-D9AD-49F6-8A5B-438748B9AC4B}.Debug|Any CPU.ActiveCfg = Debug|Any CPU
		{EA8CBE0C-D9AD-49F6-8A5B-438748B9AC4B}.Debug|Any CPU.Build.0 = Debug|Any CPU
		{EA8CBE0C-D9AD-49F6-8A5B-438748B9AC4B}.Release|Any CPU.ActiveCfg = Release|Any CPU
		{EA8CBE0C-D9AD-49F6-8A5B-438748B9AC4B}.Release|Any CPU.Build.0 = Release|Any CPU
		{1F4E1F5D-0D75-4243-858A-55F14823F0B8}.Debug|Any CPU.ActiveCfg = Debug|Any CPU
		{1F4E1F5D-0D75-4243-858A-55F14823F0B8}.Debug|Any CPU.Build.0 = Debug|Any CPU
		{1F4E1F5D-0D75-4243-858A-55F14823F0B8}.Release|Any CPU.ActiveCfg = Release|Any CPU
		{1F4E1F5D-0D75-4243-858A-55F14823F0B8}.Release|Any CPU.Build.0 = Release|Any CPU
		{C943BDFD-5AE7-4829-B248-A04B9F9A24D7}.Debug|Any CPU.ActiveCfg = Debug|Any CPU
		{C943BDFD-5AE7-4829-B248-A04B9F9A24D7}.Debug|Any CPU.Build.0 = Debug|Any CPU
		{C943BDFD-5AE7-4829-B248-A04B9F9A24D7}.Release|Any CPU.ActiveCfg = Release|Any CPU
		{C943BDFD-5AE7-4829-B248-A04B9F9A24D7}.Release|Any CPU.Build.0 = Release|Any CPU
	EndGlobalSection
	GlobalSection(SolutionProperties) = preSolution
		HideSolutionNode = FALSE
	EndGlobalSection
	GlobalSection(ExtensibilityGlobals) = postSolution
		SolutionGuid = {8BBA0E0B-7411-4A65-8517-0E95FC5934AA}
	EndGlobalSection
EndGlobal
